Microsoft Visual Studio Solution File, Format Version 11.00
# Visual Studio 2008

Project("{30AD3D90-B68C-5564-E582-AA56189BB71C}") = "3D Molecular Simulation", "Assembly-CSharp-vs.csproj", "{85294F4C-2014-E909-95F3-43C1482267EF}"
EndProject
Global
	GlobalSection(SolutionConfigurationPlatforms) = preSolution
		Debug|Any CPU = Debug|Any CPU
		Release|Any CPU = Release|Any CPU
	EndGlobalSection
	GlobalSection(ProjectConfigurationPlatforms) = postSolution
		{85294F4C-2014-E909-95F3-43C1482267EF}.Debug|Any CPU.ActiveCfg = Debug|Any CPU
		{85294F4C-2014-E909-95F3-43C1482267EF}.Debug|Any CPU.Build.0 = Debug|Any CPU
		{85294F4C-2014-E909-95F3-43C1482267EF}.Release|Any CPU.ActiveCfg = Release|Any CPU
		{85294F4C-2014-E909-95F3-43C1482267EF}.Release|Any CPU.Build.0 = Release|Any CPU
	EndGlobalSection
	GlobalSection(SolutionProperties) = preSolution
		HideSolutionNode = FALSE
	EndGlobalSection
																																					GlobalSection(MonoDevelopProperties) = preSolution
		StartupItem = Assembly-CSharp.csproj
		Policies = $0
		$0.TextStylePolicy = $1
		$1.inheritsSet = null
		$1.scope = text/x-csharp
		$0.CSharpFormattingPolicy = $2
		$2.inheritsSet = Mono
		$2.inheritsScope = text/x-csharp
		$2.scope = text/x-csharp
		$0.TextStylePolicy = $3
		$3.FileWidth = 120
		$3.TabWidth = 4
		$3.IndentWidth = 4
		$3.EolMarker = Unix
		$3.inheritsSet = Mono
		$3.inheritsScope = text/plain
		$3.scope = text/plain
	EndGlobalSection

EndGlobal
